
Microsoft Visual Studio Solution File, Format Version 12.00
# Visual Studio Version 17
VisualStudioVersion = 17.14.36429.23 d17.14
MinimumVisualStudioVersion = 10.0.40219.1
Project("{2150E333-8FDC-42A3-9474-1A3956D46DE8}") = "doc", "doc", "{EFE36442-09B3-43B5-8F26-C3C14FA3EB40}"
EndProject
Project("{2150E333-8FDC-42A3-9474-1A3956D46DE8}") = "client", "client", "{2D4B88DB-A637-46AF-8B73-03CC81205DA8}"
EndProject
Project("{2150E333-8FDC-42A3-9474-1A3956D46DE8}") = "host", "host", "{0CDADC42-754F-42D7-8973-046AC1A14570}"
EndProject
Project("{2150E333-8FDC-42A3-9474-1A3956D46DE8}") = "src", "src", "{734ED7E7-E822-4B4F-B2C1-5EC490D001AA}"
EndProject
Project("{2150E333-8FDC-42A3-9474-1A3956D46DE8}") = "test", "test", "{02EA681E-C7D8-13C7-8484-4AC65E1B71E8}"
EndProject
Project("{FAE04EC0-301F-11D3-BF4B-00C04F79EFBC}") = "Stock.CommandService", "host\Stock.CommandService\Stock.CommandService.csproj", "{84F1A0F9-57F0-45A4-A709-63BE5B9A8B16}"
EndProject
Project("{FAE04EC0-301F-11D3-BF4B-00C04F79EFBC}") = "Stock.ProcessingService", "host\Stock.ProcessingService\Stock.ProcessingService.csproj", "{E7C69918-C848-452A-AC87-3E1169623188}"
EndProject
Project("{FAE04EC0-301F-11D3-BF4B-00C04F79EFBC}") = "Stock.Shared", "host\Stock.Shared\Stock.Shared.csproj", "{CD9DD7A2-FD55-494A-90B1-AF756D023AAE}"
EndProject
Project("{FAE04EC0-301F-11D3-BF4B-00C04F79EFBC}") = "Stock.Application", "src\Stock.Application\Stock.Application.csproj", "{1FCEC322-6B48-46FE-964B-E2F6874C6E48}"
EndProject
Project("{FAE04EC0-301F-11D3-BF4B-00C04F79EFBC}") = "Stock.Domain", "src\Stock.Domain\Stock.Domain.csproj", "{89E984B3-354F-40CE-B094-F147CA000B9B}"
EndProject
Project("{FAE04EC0-301F-11D3-BF4B-00C04F79EFBC}") = "Stock.Infrastructure", "src\Stock.Infrastructure\Stock.Infrastructure.csproj", "{645F4945-C226-4E00-A724-F431BFBBAC12}"
EndProject
Project("{FAE04EC0-301F-11D3-BF4B-00C04F79EFBC}") = "Stock.Infrastructure.DbMigrator", "src\Stock.Infrastructure.DbMigrator\Stock.Infrastructure.DbMigrator.csproj", "{24FBCFBA-769B-4942-A9DA-9150683693E6}"
EndProject
Project("{FAE04EC0-301F-11D3-BF4B-00C04F79EFBC}") = "Stock.CommandService.Tests", "test\Stock.CommandService.Tests\Stock.CommandService.Tests.csproj", "{7025BC3E-2775-4A7C-87F2-ED5E735C995E}"
EndProject
Project("{FAE04EC0-301F-11D3-BF4B-00C04F79EFBC}") = "Stock.ProcessingService.Tests", "test\Stock.ProcessingService.Tests\Stock.ProcessingService.Tests.csproj", "{858AF20D-01FF-4568-AC9B-051D6206AC8A}"
EndProject
Project("{FAE04EC0-301F-11D3-BF4B-00C04F79EFBC}") = "Stock.HostService.Tests", "test\Stock.HostService.Tests\Stock.HostService.Tests.csproj", "{29BDC242-27CD-4856-BF86-14F24866BDC1}"
EndProject
Project("{FAE04EC0-301F-11D3-BF4B-00C04F79EFBC}") = "Stock.ApiGateway.Tests", "test\Stock.ApiGateway.Tests\Stock.ApiGateway.Tests.csproj", "{596B7777-A67F-4B4E-9530-2F5CD70B7FF8}"
EndProject
Project("{FAE04EC0-301F-11D3-BF4B-00C04F79EFBC}") = "Stock.ApiGateway", "host\Stock.ApiGateway\Stock.ApiGateway.csproj", "{9E40A8DB-0338-4C69-9509-AABA78A0BFBC}"
EndProject
Project("{FAE04EC0-301F-11D3-BF4B-00C04F79EFBC}") = "Stock.HostService", "host\Stock.HostService\Stock.HostService.csproj", "{57AE6BBE-47ED-4239-B695-61C72ED7C87B}"
EndProject
Global
	GlobalSection(SolutionConfigurationPlatforms) = preSolution
		Debug|Any CPU = Debug|Any CPU
		Release|Any CPU = Release|Any CPU
	EndGlobalSection
	GlobalSection(ProjectConfigurationPlatforms) = postSolution
		{84F1A0F9-57F0-45A4-A709-63BE5B9A8B16}.Debug|Any CPU.ActiveCfg = Debug|Any CPU
		{84F1A0F9-57F0-45A4-A709-63BE5B9A8B16}.Debug|Any CPU.Build.0 = Debug|Any CPU
		{84F1A0F9-57F0-45A4-A709-63BE5B9A8B16}.Release|Any CPU.ActiveCfg = Release|Any CPU
		{84F1A0F9-57F0-45A4-A709-63BE5B9A8B16}.Release|Any CPU.Build.0 = Release|Any CPU
		{E7C69918-C848-452A-AC87-3E1169623188}.Debug|Any CPU.ActiveCfg = Debug|Any CPU
		{E7C69918-C848-452A-AC87-3E1169623188}.Debug|Any CPU.Build.0 = Debug|Any CPU
		{E7C69918-C848-452A-AC87-3E1169623188}.Release|Any CPU.ActiveCfg = Release|Any CPU
		{E7C69918-C848-452A-AC87-3E1169623188}.Release|Any CPU.Build.0 = Release|Any CPU
		{CD9DD7A2-FD55-494A-90B1-AF756D023AAE}.Debug|Any CPU.ActiveCfg = Debug|Any CPU
		{CD9DD7A2-FD55-494A-90B1-AF756D023AAE}.Debug|Any CPU.Build.0 = Debug|Any CPU
		{CD9DD7A2-FD55-494A-90B1-AF756D023AAE}.Release|Any CPU.ActiveCfg = Release|Any CPU
		{CD9DD7A2-FD55-494A-90B1-AF756D023AAE}.Release|Any CPU.Build.0 = Release|Any CPU
		{1FCEC322-6B48-46FE-964B-E2F6874C6E48}.Debug|Any CPU.ActiveCfg = Debug|Any CPU
		{1FCEC322-6B48-46FE-964B-E2F6874C6E48}.Debug|Any CPU.Build.0 = Debug|Any CPU
		{1FCEC322-6B48-46FE-964B-E2F6874C6E48}.Release|Any CPU.ActiveCfg = Release|Any CPU
		{1FCEC322-6B48-46FE-964B-E2F6874C6E48}.Release|Any CPU.Build.0 = Release|Any CPU
		{89E984B3-354F-40CE-B094-F147CA000B9B}.Debug|Any CPU.ActiveCfg = Debug|Any CPU
		{89E984B3-354F-40CE-B094-F147CA000B9B}.Debug|Any CPU.Build.0 = Debug|Any CPU
		{89E984B3-354F-40CE-B094-F147CA000B9B}.Release|Any CPU.ActiveCfg = Release|Any CPU
		{89E984B3-354F-40CE-B094-F147CA000B9B}.Release|Any CPU.Build.0 = Release|Any CPU
		{645F4945-C226-4E00-A724-F431BFBBAC12}.Debug|Any CPU.ActiveCfg = Debug|Any CPU
		{645F4945-C226-4E00-A724-F431BFBBAC12}.Debug|Any CPU.Build.0 = Debug|Any CPU
		{645F4945-C226-4E00-A724-F431BFBBAC12}.Release|Any CPU.ActiveCfg = Release|Any CPU
		{645F4945-C226-4E00-A724-F431BFBBAC12}.Release|Any CPU.Build.0 = Release|Any CPU
		{24FBCFBA-769B-4942-A9DA-9150683693E6}.Debug|Any CPU.ActiveCfg = Debug|Any CPU
		{24FBCFBA-769B-4942-A9DA-9150683693E6}.Debug|Any CPU.Build.0 = Debug|Any CPU
		{24FBCFBA-769B-4942-A9DA-9150683693E6}.Release|Any CPU.ActiveCfg = Release|Any CPU
		{24FBCFBA-769B-4942-A9DA-9150683693E6}.Release|Any CPU.Build.0 = Release|Any CPU
		{7025BC3E-2775-4A7C-87F2-ED5E735C995E}.Debug|Any CPU.ActiveCfg = Debug|Any CPU
		{7025BC3E-2775-4A7C-87F2-ED5E735C995E}.Debug|Any CPU.Build.0 = Debug|Any CPU
		{7025BC3E-2775-4A7C-87F2-ED5E735C995E}.Release|Any CPU.ActiveCfg = Release|Any CPU
		{7025BC3E-2775-4A7C-87F2-ED5E735C995E}.Release|Any CPU.Build.0 = Release|Any CPU
		{858AF20D-01FF-4568-AC9B-051D6206AC8A}.Debug|Any CPU.ActiveCfg = Debug|Any CPU
		{858AF20D-01FF-4568-AC9B-051D6206AC8A}.Debug|Any CPU.Build.0 = Debug|Any CPU
		{858AF20D-01FF-4568-AC9B-051D6206AC8A}.Release|Any CPU.ActiveCfg = Release|Any CPU
		{858AF20D-01FF-4568-AC9B-051D6206AC8A}.Release|Any CPU.Build.0 = Release|Any CPU
		{29BDC242-27CD-4856-BF86-14F24866BDC1}.Debug|Any CPU.ActiveCfg = Debug|Any CPU
		{29BDC242-27CD-4856-BF86-14F24866BDC1}.Debug|Any CPU.Build.0 = Debug|Any CPU
		{29BDC242-27CD-4856-BF86-14F24866BDC1}.Release|Any CPU.ActiveCfg = Release|Any CPU
		{29BDC242-27CD-4856-BF86-14F24866BDC1}.Release|Any CPU.Build.0 = Release|Any CPU
		{596B7777-A67F-4B4E-9530-2F5CD70B7FF8}.Debug|Any CPU.ActiveCfg = Debug|Any CPU
		{596B7777-A67F-4B4E-9530-2F5CD70B7FF8}.Debug|Any CPU.Build.0 = Debug|Any CPU
		{596B7777-A67F-4B4E-9530-2F5CD70B7FF8}.Release|Any CPU.ActiveCfg = Release|Any CPU
		{596B7777-A67F-4B4E-9530-2F5CD70B7FF8}.Release|Any CPU.Build.0 = Release|Any CPU
		{9E40A8DB-0338-4C69-9509-AABA78A0BFBC}.Debug|Any CPU.ActiveCfg = Debug|Any CPU
		{9E40A8DB-0338-4C69-9509-AABA78A0BFBC}.Debug|Any CPU.Build.0 = Debug|Any CPU
		{9E40A8DB-0338-4C69-9509-AABA78A0BFBC}.Release|Any CPU.ActiveCfg = Release|Any CPU
		{9E40A8DB-0338-4C69-9509-AABA78A0BFBC}.Release|Any CPU.Build.0 = Release|Any CPU
		{57AE6BBE-47ED-4239-B695-61C72ED7C87B}.Debug|Any CPU.ActiveCfg = Debug|Any CPU
		{57AE6BBE-47ED-4239-B695-61C72ED7C87B}.Debug|Any CPU.Build.0 = Debug|Any CPU
		{57AE6BBE-47ED-4239-B695-61C72ED7C87B}.Release|Any CPU.ActiveCfg = Release|Any CPU
		{57AE6BBE-47ED-4239-B695-61C72ED7C87B}.Release|Any CPU.Build.0 = Release|Any CPU
	EndGlobalSection
	GlobalSection(SolutionProperties) = preSolution
		HideSolutionNode = FALSE
	EndGlobalSection
	GlobalSection(NestedProjects) = preSolution
		{84F1A0F9-57F0-45A4-A709-63BE5B9A8B16} = {0CDADC42-754F-42D7-8973-046AC1A14570}
		{E7C69918-C848-452A-AC87-3E1169623188} = {0CDADC42-754F-42D7-8973-046AC1A14570}
		{CD9DD7A2-FD55-494A-90B1-AF756D023AAE} = {0CDADC42-754F-42D7-8973-046AC1A14570}
		{1FCEC322-6B48-46FE-964B-E2F6874C6E48} = {734ED7E7-E822-4B4F-B2C1-5EC490D001AA}
		{89E984B3-354F-40CE-B094-F147CA000B9B} = {734ED7E7-E822-4B4F-B2C1-5EC490D001AA}
		{645F4945-C226-4E00-A724-F431BFBBAC12} = {734ED7E7-E822-4B4F-B2C1-5EC490D001AA}
		{24FBCFBA-769B-4942-A9DA-9150683693E6} = {734ED7E7-E822-4B4F-B2C1-5EC490D001AA}
		{7025BC3E-2775-4A7C-87F2-ED5E735C995E} = {02EA681E-C7D8-13C7-8484-4AC65E1B71E8}
		{858AF20D-01FF-4568-AC9B-051D6206AC8A} = {02EA681E-C7D8-13C7-8484-4AC65E1B71E8}
		{29BDC242-27CD-4856-BF86-14F24866BDC1} = {02EA681E-C7D8-13C7-8484-4AC65E1B71E8}
		{596B7777-A67F-4B4E-9530-2F5CD70B7FF8} = {02EA681E-C7D8-13C7-8484-4AC65E1B71E8}
		{9E40A8DB-0338-4C69-9509-AABA78A0BFBC} = {0CDADC42-754F-42D7-8973-046AC1A14570}
		{57AE6BBE-47ED-4239-B695-61C72ED7C87B} = {0CDADC42-754F-42D7-8973-046AC1A14570}
	EndGlobalSection
	GlobalSection(ExtensibilityGlobals) = postSolution
		SolutionGuid = {0AE5611B-D713-45FD-BF1E-3656F26798D5}
	EndGlobalSection
EndGlobal
